// !$*UTF8*$!
{
	archiveVersion = 1;
	classes = {
	};
	objectVersion = 54;
	objects = {

/* Begin PBXBuildFile section */
		4A0B396A28D38DE000D7EEC9 /* MenuView.swift in Sources */ = {isa = PBXBuildFile; fileRef = 4A0B396928D38DE000D7EEC9 /* MenuView.swift */; };
		4A0B396C28D38F0700D7EEC9 /* MenuButton.swift in Sources */ = {isa = PBXBuildFile; fileRef = 4A0B396B28D38F0700D7EEC9 /* MenuButton.swift */; };
		4A0B396E28D3935900D7EEC9 /* NewWaveView.swift in Sources */ = {isa = PBXBuildFile; fileRef = 4A0B396D28D3935900D7EEC9 /* NewWaveView.swift */; };
		4A0B397028D3937100D7EEC9 /* AdminView.swift in Sources */ = {isa = PBXBuildFile; fileRef = 4A0B396F28D3937100D7EEC9 /* AdminView.swift */; };
		4A0B397228D3ABF200D7EEC9 /* SmallFrame.swift in Sources */ = {isa = PBXBuildFile; fileRef = 4A0B397128D3ABF100D7EEC9 /* SmallFrame.swift */; };
		4A0B397428D6044300D7EEC9 /* WaveView.swift in Sources */ = {isa = PBXBuildFile; fileRef = 4A0B397328D6044200D7EEC9 /* WaveView.swift */; };
		4A0B397728E06E9600D7EEC9 /* SinusUserData.swift in Sources */ = {isa = PBXBuildFile; fileRef = 4A0B397628E06E9600D7EEC9 /* SinusUserData.swift */; };
		4A0B397928E081CF00D7EEC9 /* RelationshipStatus.swift in Sources */ = {isa = PBXBuildFile; fileRef = 4A0B397828E081CF00D7EEC9 /* RelationshipStatus.swift */; };
		4A0B397B28E0846900D7EEC9 /* RelationStatusView.swift in Sources */ = {isa = PBXBuildFile; fileRef = 4A0B397A28E0846900D7EEC9 /* RelationStatusView.swift */; };
		4A15E00128C7C91C00422C05 /* ProfileButton.swift in Sources */ = {isa = PBXBuildFile; fileRef = 4A15E00028C7C91C00422C05 /* ProfileButton.swift */; };
		4A15E00328C7CD5300422C05 /* UpdateWaveView.swift in Sources */ = {isa = PBXBuildFile; fileRef = 4A15E00228C7CD5300422C05 /* UpdateWaveView.swift */; };
		4A32751F2977244E009D1CC8 /* ChartView.swift in Sources */ = {isa = PBXBuildFile; fileRef = 4A32751E2977244E009D1CC8 /* ChartView.swift */; };
		4A32752129772762009D1CC8 /* StatisticsView.swift in Sources */ = {isa = PBXBuildFile; fileRef = 4A32752029772762009D1CC8 /* StatisticsView.swift */; };
		4A32752329772888009D1CC8 /* TextView.swift in Sources */ = {isa = PBXBuildFile; fileRef = 4A32752229772888009D1CC8 /* TextView.swift */; };
		4A327527297729BE009D1CC8 /* HeaderView.swift in Sources */ = {isa = PBXBuildFile; fileRef = 4A327526297729BE009D1CC8 /* HeaderView.swift */; };
		4A32752B29773236009D1CC8 /* CompareButtonView.swift in Sources */ = {isa = PBXBuildFile; fileRef = 4A32752A29773236009D1CC8 /* CompareButtonView.swift */; };
		4A32753A298AE46A009D1CC8 /* FirebaseAnalytics in Frameworks */ = {isa = PBXBuildFile; productRef = 4A327539298AE46A009D1CC8 /* FirebaseAnalytics */; };
		4A32753C298AE46A009D1CC8 /* FirebaseAuth in Frameworks */ = {isa = PBXBuildFile; productRef = 4A32753B298AE46A009D1CC8 /* FirebaseAuth */; };
		4A32753E298AE46A009D1CC8 /* FirebaseDatabase in Frameworks */ = {isa = PBXBuildFile; productRef = 4A32753D298AE46A009D1CC8 /* FirebaseDatabase */; };
		4A327540298AE46A009D1CC8 /* FirebaseMessaging in Frameworks */ = {isa = PBXBuildFile; productRef = 4A32753F298AE46A009D1CC8 /* FirebaseMessaging */; };
		4A327542298AE46A009D1CC8 /* FirebaseStorage in Frameworks */ = {isa = PBXBuildFile; productRef = 4A327541298AE46A009D1CC8 /* FirebaseStorage */; };
		4A327547298EA697009D1CC8 /* PreAuthenticationView.swift in Sources */ = {isa = PBXBuildFile; fileRef = 4A327546298EA697009D1CC8 /* PreAuthenticationView.swift */; };
		4A32754929AA4088009D1CC8 /* FeedItemView.swift in Sources */ = {isa = PBXBuildFile; fileRef = 4A32754829AA4088009D1CC8 /* FeedItemView.swift */; };
		4A32754B29AFD157009D1CC8 /* WavePreviewView.swift in Sources */ = {isa = PBXBuildFile; fileRef = 4A32754A29AFD157009D1CC8 /* WavePreviewView.swift */; };
		4A32754D29AFD1B3009D1CC8 /* Wave.swift in Sources */ = {isa = PBXBuildFile; fileRef = 4A32754C29AFD1B3009D1CC8 /* Wave.swift */; };
		4A32754F29B7B68C009D1CC8 /* GoogleService-Info.plist in Resources */ = {isa = PBXBuildFile; fileRef = 4A32754E29B7B68C009D1CC8 /* GoogleService-Info.plist */; };
		4A32755129B7BA1E009D1CC8 /* HistoryView.swift in Sources */ = {isa = PBXBuildFile; fileRef = 4A32755029B7BA1E009D1CC8 /* HistoryView.swift */; };
		4A32755329B7BD91009D1CC8 /* HistoryItemView.swift in Sources */ = {isa = PBXBuildFile; fileRef = 4A32755229B7BD91009D1CC8 /* HistoryItemView.swift */; };
		4A32755629BC8F06009D1CC8 /* Get in Frameworks */ = {isa = PBXBuildFile; productRef = 4A32755529BC8F06009D1CC8 /* Get */; };
		4A32755929C5B3BA009D1CC8 /* RestRetrievable.swift in Sources */ = {isa = PBXBuildFile; fileRef = 4A32755829C5B3BA009D1CC8 /* RestRetrievable.swift */; };
		4A32755B29C5B4CE009D1CC8 /* ExternalRestRetriever.swift in Sources */ = {isa = PBXBuildFile; fileRef = 4A32755A29C5B4CE009D1CC8 /* ExternalRestRetriever.swift */; };
		4A32755F29C5B83E009D1CC8 /* FeedItemModelTests.swift in Sources */ = {isa = PBXBuildFile; fileRef = 4A32755E29C5B83E009D1CC8 /* FeedItemModelTests.swift */; };
		4A32756129C5BFDD009D1CC8 /* NoDataView.swift in Sources */ = {isa = PBXBuildFile; fileRef = 4A32756029C5BFDD009D1CC8 /* NoDataView.swift */; };
		4A32756329D0344C009D1CC8 /* CompareConfigurationView.swift in Sources */ = {isa = PBXBuildFile; fileRef = 4A32756229D0344C009D1CC8 /* CompareConfigurationView.swift */; };
		4A32756529D03683009D1CC8 /* CompareConfigurationModel.swift in Sources */ = {isa = PBXBuildFile; fileRef = 4A32756429D03683009D1CC8 /* CompareConfigurationModel.swift */; };
		4A32756729D04049009D1CC8 /* CompareModel.swift in Sources */ = {isa = PBXBuildFile; fileRef = 4A32756629D04049009D1CC8 /* CompareModel.swift */; };
		4A32756B29D05161009D1CC8 /* LegendView.swift in Sources */ = {isa = PBXBuildFile; fileRef = 4A32756A29D05161009D1CC8 /* LegendView.swift */; };
		4A32756E29D05830009D1CC8 /* DeleteWaveView.swift in Sources */ = {isa = PBXBuildFile; fileRef = 4A32756D29D05830009D1CC8 /* DeleteWaveView.swift */; };
		4A32757629E002F6009D1CC8 /* FollowingModel.swift in Sources */ = {isa = PBXBuildFile; fileRef = 4A32757529E002F6009D1CC8 /* FollowingModel.swift */; };
		4A32757A29E02258009D1CC8 /* UpdateWaveModel.swift in Sources */ = {isa = PBXBuildFile; fileRef = 4A32757929E02258009D1CC8 /* UpdateWaveModel.swift */; };
		4A32757C29E02362009D1CC8 /* WaveUpdate.swift in Sources */ = {isa = PBXBuildFile; fileRef = 4A32757B29E02362009D1CC8 /* WaveUpdate.swift */; };
		4A32758029E026FF009D1CC8 /* NewWaveModel.swift in Sources */ = {isa = PBXBuildFile; fileRef = 4A32757F29E026FF009D1CC8 /* NewWaveModel.swift */; };
		4A32758429E029D7009D1CC8 /* DeleteWaveModel.swift in Sources */ = {isa = PBXBuildFile; fileRef = 4A32758329E029D7009D1CC8 /* DeleteWaveModel.swift */; };
		4A4C6D032917C2F9001DB4F7 /* LoginView.swift in Sources */ = {isa = PBXBuildFile; fileRef = 4A4C6D022917C2F9001DB4F7 /* LoginView.swift */; };
		4A4C6D062917C30D001DB4F7 /* RegisterView.swift in Sources */ = {isa = PBXBuildFile; fileRef = 4A4C6D052917C30D001DB4F7 /* RegisterView.swift */; };
		4A4C6D082917CD95001DB4F7 /* AuthenticationResult.swift in Sources */ = {isa = PBXBuildFile; fileRef = 4A4C6D072917CD95001DB4F7 /* AuthenticationResult.swift */; };
		4AABA28528CFACC500070E6E /* SinusUpdate.swift in Sources */ = {isa = PBXBuildFile; fileRef = 4AABA28428CFACC500070E6E /* SinusUpdate.swift */; };
		4AC34A85296AEBAD0063FA84 /* CompareView.swift in Sources */ = {isa = PBXBuildFile; fileRef = 4AC34A84296AEBAD0063FA84 /* CompareView.swift */; };
		4AC34A88296F1CA30063FA84 /* FeedModel.swift in Sources */ = {isa = PBXBuildFile; fileRef = 4AC34A87296F1CA30063FA84 /* FeedModel.swift */; };
		4AC34A8C296F1E400063FA84 /* LoadingView.swift in Sources */ = {isa = PBXBuildFile; fileRef = 4AC34A8B296F1E400063FA84 /* LoadingView.swift */; };
		4AC34A8E296F1E8B0063FA84 /* FeedView.swift in Sources */ = {isa = PBXBuildFile; fileRef = 4AC34A8D296F1E8B0063FA84 /* FeedView.swift */; };
		4AC5B3D3296849DD003D819C /* RestApiHelper.swift in Sources */ = {isa = PBXBuildFile; fileRef = 4AC5B3D2296849DD003D819C /* RestApiHelper.swift */; };
		4AC5B3D529698525003D819C /* ProfileView.swift in Sources */ = {isa = PBXBuildFile; fileRef = 4AC5B3D429698525003D819C /* ProfileView.swift */; };
		4AC5B3D82969876B003D819C /* CreatedWavesView.swift in Sources */ = {isa = PBXBuildFile; fileRef = 4AC5B3D72969876B003D819C /* CreatedWavesView.swift */; };
		4AC5B3DA296989B0003D819C /* SingleWaveView.swift in Sources */ = {isa = PBXBuildFile; fileRef = 4AC5B3D9296989B0003D819C /* SingleWaveView.swift */; };
		4AC5B3DC296ACF5A003D819C /* ProfileHeaderView.swift in Sources */ = {isa = PBXBuildFile; fileRef = 4AC5B3DB296ACF5A003D819C /* ProfileHeaderView.swift */; };
		4AC5B3DF296AD546003D819C /* Style.swift in Sources */ = {isa = PBXBuildFile; fileRef = 4AC5B3DE296AD546003D819C /* Style.swift */; };
		4AC5B3E1296AD6A4003D819C /* EditProfileView.swift in Sources */ = {isa = PBXBuildFile; fileRef = 4AC5B3E0296AD6A4003D819C /* EditProfileView.swift */; };
		4AC5B3E3296ADB51003D819C /* UserData.swift in Sources */ = {isa = PBXBuildFile; fileRef = 4AC5B3E2296ADB51003D819C /* UserData.swift */; };
		4AC5B3E5296ADE0D003D819C /* TotalUserData.swift in Sources */ = {isa = PBXBuildFile; fileRef = 4AC5B3E4296ADE0D003D819C /* TotalUserData.swift */; };
		4AD26FBA28BBA5D40065FB01 /* SinuSApp.swift in Sources */ = {isa = PBXBuildFile; fileRef = 4AD26FB928BBA5D40065FB01 /* SinuSApp.swift */; };
		4AD26FBC28BBA5D40065FB01 /* ContentView.swift in Sources */ = {isa = PBXBuildFile; fileRef = 4AD26FBB28BBA5D40065FB01 /* ContentView.swift */; };
		4AD26FBE28BBA5D60065FB01 /* Assets.xcassets in Resources */ = {isa = PBXBuildFile; fileRef = 4AD26FBD28BBA5D60065FB01 /* Assets.xcassets */; };
		4AD26FC128BBA5D60065FB01 /* Preview Assets.xcassets in Resources */ = {isa = PBXBuildFile; fileRef = 4AD26FC028BBA5D60065FB01 /* Preview Assets.xcassets */; };
		4AD26FCC28BBA5D60065FB01 /* SinuSTests.swift in Sources */ = {isa = PBXBuildFile; fileRef = 4AD26FCB28BBA5D60065FB01 /* SinuSTests.swift */; };
		4AD26FD728BBA5D60065FB01 /* SinuSUITests.swift in Sources */ = {isa = PBXBuildFile; fileRef = 4AD26FD628BBA5D60065FB01 /* SinuSUITests.swift */; };
		4AD26FEB28BBAEA40065FB01 /* SinusData.swift in Sources */ = {isa = PBXBuildFile; fileRef = 4AD26FEA28BBAEA40065FB01 /* SinusData.swift */; };
		4AD26FED28C676C10065FB01 /* LineChart.swift in Sources */ = {isa = PBXBuildFile; fileRef = 4AD26FEC28C676C10065FB01 /* LineChart.swift */; };
		4AD26FF528C7BFC10065FB01 /* DataGatherer.swift in Sources */ = {isa = PBXBuildFile; fileRef = 4AD26FF428C7BFC10065FB01 /* DataGatherer.swift */; };
		CE6A64E629696C1C00DC47E5 /* SwiftKeychainWrapper in Frameworks */ = {isa = PBXBuildFile; productRef = CE6A64E529696C1C00DC47E5 /* SwiftKeychainWrapper */; };
		CE7B525D29BE159500913C3C /* FeedItemModel.swift in Sources */ = {isa = PBXBuildFile; fileRef = CE7B525C29BE159500913C3C /* FeedItemModel.swift */; };
		CE89A8762969F93200300C9D /* ManageProfileView.swift in Sources */ = {isa = PBXBuildFile; fileRef = CE89A8752969F93200300C9D /* ManageProfileView.swift */; };
		CE89A87A296AF2D300300C9D /* LogHelper.swift in Sources */ = {isa = PBXBuildFile; fileRef = CE89A879296AF2D300300C9D /* LogHelper.swift */; };
		CE95360C29BCAA3800D9B0D4 /* ProfileModel.swift in Sources */ = {isa = PBXBuildFile; fileRef = CE95360B29BCAA3800D9B0D4 /* ProfileModel.swift */; };
		CE95360E29BCB3F100D9B0D4 /* Profile.swift in Sources */ = {isa = PBXBuildFile; fileRef = CE95360D29BCB3F100D9B0D4 /* Profile.swift */; };
		CE95361029BCB71600D9B0D4 /* CreatedWavesModel.swift in Sources */ = {isa = PBXBuildFile; fileRef = CE95360F29BCB71600D9B0D4 /* CreatedWavesModel.swift */; };
		CEB12A25299946C4000D5669 /* Kingfisher in Frameworks */ = {isa = PBXBuildFile; productRef = CEB12A24299946C4000D5669 /* Kingfisher */; };
		CEBF7655299818FA00D5E3AF /* NetworkManager.swift in Sources */ = {isa = PBXBuildFile; fileRef = CEBF7654299818FA00D5E3AF /* NetworkManager.swift */; };
		CEDADA4429D819A400340CAA /* ContentViewModel.swift in Sources */ = {isa = PBXBuildFile; fileRef = CEDADA4329D819A400340CAA /* ContentViewModel.swift */; };
		CEDADA4629D81A3D00340CAA /* Content.swift in Sources */ = {isa = PBXBuildFile; fileRef = CEDADA4529D81A3D00340CAA /* Content.swift */; };
		CEECA4FD29709E0F00CA4496 /* ForgotPasswordView.swift in Sources */ = {isa = PBXBuildFile; fileRef = CEECA4FC29709E0F00CA4496 /* ForgotPasswordView.swift */; };
		CEECA4FF2974534700CA4496 /* ResetPasswordView.swift in Sources */ = {isa = PBXBuildFile; fileRef = CEECA4FE2974534700CA4496 /* ResetPasswordView.swift */; };
		CEECA5012974665800CA4496 /* VerifyEmailView.swift in Sources */ = {isa = PBXBuildFile; fileRef = CEECA5002974665800CA4496 /* VerifyEmailView.swift */; };
		CEECA50329748DA600CA4496 /* ClickResetPasswordLinkView.swift in Sources */ = {isa = PBXBuildFile; fileRef = CEECA50229748DA600CA4496 /* ClickResetPasswordLinkView.swift */; };
/* End PBXBuildFile section */

/* Begin PBXContainerItemProxy section */
		4AD26FC828BBA5D60065FB01 /* PBXContainerItemProxy */ = {
			isa = PBXContainerItemProxy;
			containerPortal = 4AD26FAE28BBA5D40065FB01 /* Project object */;
			proxyType = 1;
			remoteGlobalIDString = 4AD26FB528BBA5D40065FB01;
			remoteInfo = SinuS;
		};
		4AD26FD328BBA5D60065FB01 /* PBXContainerItemProxy */ = {
			isa = PBXContainerItemProxy;
			containerPortal = 4AD26FAE28BBA5D40065FB01 /* Project object */;
			proxyType = 1;
			remoteGlobalIDString = 4AD26FB528BBA5D40065FB01;
			remoteInfo = SinuS;
		};
/* End PBXContainerItemProxy section */

/* Begin PBXFileReference section */
		4A0B396928D38DE000D7EEC9 /* MenuView.swift */ = {isa = PBXFileReference; lastKnownFileType = sourcecode.swift; path = MenuView.swift; sourceTree = "<group>"; };
		4A0B396B28D38F0700D7EEC9 /* MenuButton.swift */ = {isa = PBXFileReference; lastKnownFileType = sourcecode.swift; path = MenuButton.swift; sourceTree = "<group>"; };
		4A0B396D28D3935900D7EEC9 /* NewWaveView.swift */ = {isa = PBXFileReference; lastKnownFileType = sourcecode.swift; path = NewWaveView.swift; sourceTree = "<group>"; };
		4A0B396F28D3937100D7EEC9 /* AdminView.swift */ = {isa = PBXFileReference; lastKnownFileType = sourcecode.swift; path = AdminView.swift; sourceTree = "<group>"; };
		4A0B397128D3ABF100D7EEC9 /* SmallFrame.swift */ = {isa = PBXFileReference; lastKnownFileType = sourcecode.swift; path = SmallFrame.swift; sourceTree = "<group>"; };
		4A0B397328D6044200D7EEC9 /* WaveView.swift */ = {isa = PBXFileReference; lastKnownFileType = sourcecode.swift; path = WaveView.swift; sourceTree = "<group>"; };
		4A0B397628E06E9600D7EEC9 /* SinusUserData.swift */ = {isa = PBXFileReference; lastKnownFileType = sourcecode.swift; path = SinusUserData.swift; sourceTree = "<group>"; };
		4A0B397828E081CF00D7EEC9 /* RelationshipStatus.swift */ = {isa = PBXFileReference; lastKnownFileType = sourcecode.swift; path = RelationshipStatus.swift; sourceTree = "<group>"; };
		4A0B397A28E0846900D7EEC9 /* RelationStatusView.swift */ = {isa = PBXFileReference; lastKnownFileType = sourcecode.swift; path = RelationStatusView.swift; sourceTree = "<group>"; };
		4A15E00028C7C91C00422C05 /* ProfileButton.swift */ = {isa = PBXFileReference; lastKnownFileType = sourcecode.swift; path = ProfileButton.swift; sourceTree = "<group>"; };
		4A15E00228C7CD5300422C05 /* UpdateWaveView.swift */ = {isa = PBXFileReference; lastKnownFileType = sourcecode.swift; path = UpdateWaveView.swift; sourceTree = "<group>"; };
		4A32751E2977244E009D1CC8 /* ChartView.swift */ = {isa = PBXFileReference; lastKnownFileType = sourcecode.swift; path = ChartView.swift; sourceTree = "<group>"; };
		4A32752029772762009D1CC8 /* StatisticsView.swift */ = {isa = PBXFileReference; lastKnownFileType = sourcecode.swift; path = StatisticsView.swift; sourceTree = "<group>"; };
		4A32752229772888009D1CC8 /* TextView.swift */ = {isa = PBXFileReference; lastKnownFileType = sourcecode.swift; path = TextView.swift; sourceTree = "<group>"; };
		4A327526297729BE009D1CC8 /* HeaderView.swift */ = {isa = PBXFileReference; lastKnownFileType = sourcecode.swift; path = HeaderView.swift; sourceTree = "<group>"; };
		4A32752A29773236009D1CC8 /* CompareButtonView.swift */ = {isa = PBXFileReference; lastKnownFileType = sourcecode.swift; path = CompareButtonView.swift; sourceTree = "<group>"; };
		4A327546298EA697009D1CC8 /* PreAuthenticationView.swift */ = {isa = PBXFileReference; lastKnownFileType = sourcecode.swift; path = PreAuthenticationView.swift; sourceTree = "<group>"; };
		4A32754829AA4088009D1CC8 /* FeedItemView.swift */ = {isa = PBXFileReference; lastKnownFileType = sourcecode.swift; path = FeedItemView.swift; sourceTree = "<group>"; };
		4A32754A29AFD157009D1CC8 /* WavePreviewView.swift */ = {isa = PBXFileReference; lastKnownFileType = sourcecode.swift; path = WavePreviewView.swift; sourceTree = "<group>"; };
		4A32754C29AFD1B3009D1CC8 /* Wave.swift */ = {isa = PBXFileReference; lastKnownFileType = sourcecode.swift; path = Wave.swift; sourceTree = "<group>"; };
		4A32754E29B7B68C009D1CC8 /* GoogleService-Info.plist */ = {isa = PBXFileReference; fileEncoding = 4; lastKnownFileType = text.plist.xml; path = "GoogleService-Info.plist"; sourceTree = "<group>"; };
		4A32755029B7BA1E009D1CC8 /* HistoryView.swift */ = {isa = PBXFileReference; lastKnownFileType = sourcecode.swift; path = HistoryView.swift; sourceTree = "<group>"; };
		4A32755229B7BD91009D1CC8 /* HistoryItemView.swift */ = {isa = PBXFileReference; lastKnownFileType = sourcecode.swift; path = HistoryItemView.swift; sourceTree = "<group>"; };
		4A32755829C5B3BA009D1CC8 /* RestRetrievable.swift */ = {isa = PBXFileReference; lastKnownFileType = sourcecode.swift; path = RestRetrievable.swift; sourceTree = "<group>"; };
		4A32755A29C5B4CE009D1CC8 /* ExternalRestRetriever.swift */ = {isa = PBXFileReference; lastKnownFileType = sourcecode.swift; path = ExternalRestRetriever.swift; sourceTree = "<group>"; };
		4A32755E29C5B83E009D1CC8 /* FeedItemModelTests.swift */ = {isa = PBXFileReference; lastKnownFileType = sourcecode.swift; path = FeedItemModelTests.swift; sourceTree = "<group>"; };
		4A32756029C5BFDD009D1CC8 /* NoDataView.swift */ = {isa = PBXFileReference; lastKnownFileType = sourcecode.swift; path = NoDataView.swift; sourceTree = "<group>"; };
		4A32756229D0344C009D1CC8 /* CompareConfigurationView.swift */ = {isa = PBXFileReference; lastKnownFileType = sourcecode.swift; path = CompareConfigurationView.swift; sourceTree = "<group>"; };
		4A32756429D03683009D1CC8 /* CompareConfigurationModel.swift */ = {isa = PBXFileReference; lastKnownFileType = sourcecode.swift; path = CompareConfigurationModel.swift; sourceTree = "<group>"; };
		4A32756629D04049009D1CC8 /* CompareModel.swift */ = {isa = PBXFileReference; lastKnownFileType = sourcecode.swift; path = CompareModel.swift; sourceTree = "<group>"; };
		4A32756A29D05161009D1CC8 /* LegendView.swift */ = {isa = PBXFileReference; lastKnownFileType = sourcecode.swift; path = LegendView.swift; sourceTree = "<group>"; };
		4A32756D29D05830009D1CC8 /* DeleteWaveView.swift */ = {isa = PBXFileReference; lastKnownFileType = sourcecode.swift; path = DeleteWaveView.swift; sourceTree = "<group>"; };
		4A32757529E002F6009D1CC8 /* FollowingModel.swift */ = {isa = PBXFileReference; lastKnownFileType = sourcecode.swift; path = FollowingModel.swift; sourceTree = "<group>"; };
		4A32757929E02258009D1CC8 /* UpdateWaveModel.swift */ = {isa = PBXFileReference; lastKnownFileType = sourcecode.swift; path = UpdateWaveModel.swift; sourceTree = "<group>"; };
		4A32757B29E02362009D1CC8 /* WaveUpdate.swift */ = {isa = PBXFileReference; lastKnownFileType = sourcecode.swift; path = WaveUpdate.swift; sourceTree = "<group>"; };
		4A32757F29E026FF009D1CC8 /* NewWaveModel.swift */ = {isa = PBXFileReference; lastKnownFileType = sourcecode.swift; path = NewWaveModel.swift; sourceTree = "<group>"; };
		4A32758329E029D7009D1CC8 /* DeleteWaveModel.swift */ = {isa = PBXFileReference; lastKnownFileType = sourcecode.swift; path = DeleteWaveModel.swift; sourceTree = "<group>"; };
		4A4C6D022917C2F9001DB4F7 /* LoginView.swift */ = {isa = PBXFileReference; lastKnownFileType = sourcecode.swift; path = LoginView.swift; sourceTree = "<group>"; };
		4A4C6D052917C30D001DB4F7 /* RegisterView.swift */ = {isa = PBXFileReference; lastKnownFileType = sourcecode.swift; path = RegisterView.swift; sourceTree = "<group>"; };
		4A4C6D072917CD95001DB4F7 /* AuthenticationResult.swift */ = {isa = PBXFileReference; lastKnownFileType = sourcecode.swift; path = AuthenticationResult.swift; sourceTree = "<group>"; };
		4AABA28428CFACC500070E6E /* SinusUpdate.swift */ = {isa = PBXFileReference; lastKnownFileType = sourcecode.swift; path = SinusUpdate.swift; sourceTree = "<group>"; };
		4AC34A84296AEBAD0063FA84 /* CompareView.swift */ = {isa = PBXFileReference; lastKnownFileType = sourcecode.swift; path = CompareView.swift; sourceTree = "<group>"; };
		4AC34A87296F1CA30063FA84 /* FeedModel.swift */ = {isa = PBXFileReference; lastKnownFileType = sourcecode.swift; path = FeedModel.swift; sourceTree = "<group>"; };
		4AC34A8B296F1E400063FA84 /* LoadingView.swift */ = {isa = PBXFileReference; lastKnownFileType = sourcecode.swift; path = LoadingView.swift; sourceTree = "<group>"; };
		4AC34A8D296F1E8B0063FA84 /* FeedView.swift */ = {isa = PBXFileReference; lastKnownFileType = sourcecode.swift; path = FeedView.swift; sourceTree = "<group>"; };
		4AC5B3D2296849DD003D819C /* RestApiHelper.swift */ = {isa = PBXFileReference; lastKnownFileType = sourcecode.swift; path = RestApiHelper.swift; sourceTree = "<group>"; };
		4AC5B3D429698525003D819C /* ProfileView.swift */ = {isa = PBXFileReference; lastKnownFileType = sourcecode.swift; path = ProfileView.swift; sourceTree = "<group>"; };
		4AC5B3D72969876B003D819C /* CreatedWavesView.swift */ = {isa = PBXFileReference; lastKnownFileType = sourcecode.swift; path = CreatedWavesView.swift; sourceTree = "<group>"; };
		4AC5B3D9296989B0003D819C /* SingleWaveView.swift */ = {isa = PBXFileReference; lastKnownFileType = sourcecode.swift; path = SingleWaveView.swift; sourceTree = "<group>"; };
		4AC5B3DB296ACF5A003D819C /* ProfileHeaderView.swift */ = {isa = PBXFileReference; lastKnownFileType = sourcecode.swift; path = ProfileHeaderView.swift; sourceTree = "<group>"; };
		4AC5B3DE296AD546003D819C /* Style.swift */ = {isa = PBXFileReference; lastKnownFileType = sourcecode.swift; path = Style.swift; sourceTree = "<group>"; };
		4AC5B3E0296AD6A4003D819C /* EditProfileView.swift */ = {isa = PBXFileReference; lastKnownFileType = sourcecode.swift; path = EditProfileView.swift; sourceTree = "<group>"; };
		4AC5B3E2296ADB51003D819C /* UserData.swift */ = {isa = PBXFileReference; lastKnownFileType = sourcecode.swift; path = UserData.swift; sourceTree = "<group>"; };
		4AC5B3E4296ADE0D003D819C /* TotalUserData.swift */ = {isa = PBXFileReference; lastKnownFileType = sourcecode.swift; path = TotalUserData.swift; sourceTree = "<group>"; };
		4AD26FB628BBA5D40065FB01 /* Love waves.app */ = {isa = PBXFileReference; explicitFileType = wrapper.application; includeInIndex = 0; path = "Love waves.app"; sourceTree = BUILT_PRODUCTS_DIR; };
		4AD26FB928BBA5D40065FB01 /* SinuSApp.swift */ = {isa = PBXFileReference; lastKnownFileType = sourcecode.swift; path = SinuSApp.swift; sourceTree = "<group>"; };
		4AD26FBB28BBA5D40065FB01 /* ContentView.swift */ = {isa = PBXFileReference; lastKnownFileType = sourcecode.swift; path = ContentView.swift; sourceTree = "<group>"; };
		4AD26FBD28BBA5D60065FB01 /* Assets.xcassets */ = {isa = PBXFileReference; lastKnownFileType = folder.assetcatalog; path = Assets.xcassets; sourceTree = "<group>"; };
		4AD26FC028BBA5D60065FB01 /* Preview Assets.xcassets */ = {isa = PBXFileReference; lastKnownFileType = folder.assetcatalog; path = "Preview Assets.xcassets"; sourceTree = "<group>"; };
		4AD26FC228BBA5D60065FB01 /* Info.plist */ = {isa = PBXFileReference; lastKnownFileType = text.plist.xml; path = Info.plist; sourceTree = "<group>"; };
		4AD26FC728BBA5D60065FB01 /* SinuSTests.xctest */ = {isa = PBXFileReference; explicitFileType = wrapper.cfbundle; includeInIndex = 0; path = SinuSTests.xctest; sourceTree = BUILT_PRODUCTS_DIR; };
		4AD26FCB28BBA5D60065FB01 /* SinuSTests.swift */ = {isa = PBXFileReference; lastKnownFileType = sourcecode.swift; path = SinuSTests.swift; sourceTree = "<group>"; };
		4AD26FCD28BBA5D60065FB01 /* Info.plist */ = {isa = PBXFileReference; lastKnownFileType = text.plist.xml; path = Info.plist; sourceTree = "<group>"; };
		4AD26FD228BBA5D60065FB01 /* SinuSUITests.xctest */ = {isa = PBXFileReference; explicitFileType = wrapper.cfbundle; includeInIndex = 0; path = SinuSUITests.xctest; sourceTree = BUILT_PRODUCTS_DIR; };
		4AD26FD628BBA5D60065FB01 /* SinuSUITests.swift */ = {isa = PBXFileReference; lastKnownFileType = sourcecode.swift; path = SinuSUITests.swift; sourceTree = "<group>"; };
		4AD26FD828BBA5D60065FB01 /* Info.plist */ = {isa = PBXFileReference; lastKnownFileType = text.plist.xml; path = Info.plist; sourceTree = "<group>"; };
		4AD26FEA28BBAEA40065FB01 /* SinusData.swift */ = {isa = PBXFileReference; lastKnownFileType = sourcecode.swift; path = SinusData.swift; sourceTree = "<group>"; };
		4AD26FEC28C676C10065FB01 /* LineChart.swift */ = {isa = PBXFileReference; fileEncoding = 4; lastKnownFileType = sourcecode.swift; path = LineChart.swift; sourceTree = "<group>"; };
		4AD26FF428C7BFC10065FB01 /* DataGatherer.swift */ = {isa = PBXFileReference; lastKnownFileType = sourcecode.swift; path = DataGatherer.swift; sourceTree = "<group>"; };
		CE7B525C29BE159500913C3C /* FeedItemModel.swift */ = {isa = PBXFileReference; lastKnownFileType = sourcecode.swift; path = FeedItemModel.swift; sourceTree = "<group>"; };
		CE89A8752969F93200300C9D /* ManageProfileView.swift */ = {isa = PBXFileReference; lastKnownFileType = sourcecode.swift; path = ManageProfileView.swift; sourceTree = "<group>"; };
		CE89A879296AF2D300300C9D /* LogHelper.swift */ = {isa = PBXFileReference; lastKnownFileType = sourcecode.swift; path = LogHelper.swift; sourceTree = "<group>"; };
		CE95360B29BCAA3800D9B0D4 /* ProfileModel.swift */ = {isa = PBXFileReference; lastKnownFileType = sourcecode.swift; path = ProfileModel.swift; sourceTree = "<group>"; };
		CE95360D29BCB3F100D9B0D4 /* Profile.swift */ = {isa = PBXFileReference; lastKnownFileType = sourcecode.swift; path = Profile.swift; sourceTree = "<group>"; };
		CE95360F29BCB71600D9B0D4 /* CreatedWavesModel.swift */ = {isa = PBXFileReference; lastKnownFileType = sourcecode.swift; path = CreatedWavesModel.swift; sourceTree = "<group>"; };
		CEBF7654299818FA00D5E3AF /* NetworkManager.swift */ = {isa = PBXFileReference; lastKnownFileType = sourcecode.swift; path = NetworkManager.swift; sourceTree = "<group>"; };
		CEDADA4329D819A400340CAA /* ContentViewModel.swift */ = {isa = PBXFileReference; lastKnownFileType = sourcecode.swift; path = ContentViewModel.swift; sourceTree = "<group>"; };
		CEDADA4529D81A3D00340CAA /* Content.swift */ = {isa = PBXFileReference; lastKnownFileType = sourcecode.swift; path = Content.swift; sourceTree = "<group>"; };
		CEECA4FC29709E0F00CA4496 /* ForgotPasswordView.swift */ = {isa = PBXFileReference; lastKnownFileType = sourcecode.swift; path = ForgotPasswordView.swift; sourceTree = "<group>"; };
		CEECA4FE2974534700CA4496 /* ResetPasswordView.swift */ = {isa = PBXFileReference; lastKnownFileType = sourcecode.swift; path = ResetPasswordView.swift; sourceTree = "<group>"; };
		CEECA5002974665800CA4496 /* VerifyEmailView.swift */ = {isa = PBXFileReference; lastKnownFileType = sourcecode.swift; path = VerifyEmailView.swift; sourceTree = "<group>"; };
		CEECA50229748DA600CA4496 /* ClickResetPasswordLinkView.swift */ = {isa = PBXFileReference; lastKnownFileType = sourcecode.swift; path = ClickResetPasswordLinkView.swift; sourceTree = "<group>"; };
		CEECA5042974928C00CA4496 /* SinuS.entitlements */ = {isa = PBXFileReference; lastKnownFileType = text.plist.entitlements; path = SinuS.entitlements; sourceTree = "<group>"; };
/* End PBXFileReference section */

/* Begin PBXFrameworksBuildPhase section */
		4AD26FB328BBA5D40065FB01 /* Frameworks */ = {
			isa = PBXFrameworksBuildPhase;
			buildActionMask = 2147483647;
			files = (
				4A32753A298AE46A009D1CC8 /* FirebaseAnalytics in Frameworks */,
				4A32753C298AE46A009D1CC8 /* FirebaseAuth in Frameworks */,
				CEB12A25299946C4000D5669 /* Kingfisher in Frameworks */,
				4A32755629BC8F06009D1CC8 /* Get in Frameworks */,
				4A327540298AE46A009D1CC8 /* FirebaseMessaging in Frameworks */,
				4A32753E298AE46A009D1CC8 /* FirebaseDatabase in Frameworks */,
				CE6A64E629696C1C00DC47E5 /* SwiftKeychainWrapper in Frameworks */,
				4A327542298AE46A009D1CC8 /* FirebaseStorage in Frameworks */,
			);
			runOnlyForDeploymentPostprocessing = 0;
		};
		4AD26FC428BBA5D60065FB01 /* Frameworks */ = {
			isa = PBXFrameworksBuildPhase;
			buildActionMask = 2147483647;
			files = (
			);
			runOnlyForDeploymentPostprocessing = 0;
		};
		4AD26FCF28BBA5D60065FB01 /* Frameworks */ = {
			isa = PBXFrameworksBuildPhase;
			buildActionMask = 2147483647;
			files = (
			);
			runOnlyForDeploymentPostprocessing = 0;
		};
/* End PBXFrameworksBuildPhase section */

/* Begin PBXGroup section */
		4A0B397528D60A8B00D7EEC9 /* Deprecated */ = {
			isa = PBXGroup;
			children = (
				4A15E00028C7C91C00422C05 /* ProfileButton.swift */,
				4AD26FEC28C676C10065FB01 /* LineChart.swift */,
			);
			path = Deprecated;
			sourceTree = "<group>";
		};
		4A32751C2977204F009D1CC8 /* Wave */ = {
			isa = PBXGroup;
			children = (
				4A32757429E002D2009D1CC8 /* Model */,
				4A327526297729BE009D1CC8 /* HeaderView.swift */,
				4A0B397328D6044200D7EEC9 /* WaveView.swift */,
				4A32751E2977244E009D1CC8 /* ChartView.swift */,
				4A32752029772762009D1CC8 /* StatisticsView.swift */,
				4A32752A29773236009D1CC8 /* CompareButtonView.swift */,
				4A32755029B7BA1E009D1CC8 /* HistoryView.swift */,
				4A32755229B7BD91009D1CC8 /* HistoryItemView.swift */,
			);
			path = Wave;
			sourceTree = "<group>";
		};
		4A32751D2977215F009D1CC8 /* Common */ = {
			isa = PBXGroup;
			children = (
				4A0B396928D38DE000D7EEC9 /* MenuView.swift */,
				4A0B396B28D38F0700D7EEC9 /* MenuButton.swift */,
				4A0B396F28D3937100D7EEC9 /* AdminView.swift */,
				4A0B397128D3ABF100D7EEC9 /* SmallFrame.swift */,
				4A0B397A28E0846900D7EEC9 /* RelationStatusView.swift */,
				4A32756029C5BFDD009D1CC8 /* NoDataView.swift */,
				4A32752229772888009D1CC8 /* TextView.swift */,
			);
			path = Common;
			sourceTree = "<group>";
		};
		4A32755C29C5B79A009D1CC8 /* Protocols */ = {
			isa = PBXGroup;
			children = (
				4A32755829C5B3BA009D1CC8 /* RestRetrievable.swift */,
			);
			path = Protocols;
			sourceTree = "<group>";
		};
		4A32755D29C5B824009D1CC8 /* Feed */ = {
			isa = PBXGroup;
			children = (
				4A32755E29C5B83E009D1CC8 /* FeedItemModelTests.swift */,
			);
			path = Feed;
			sourceTree = "<group>";
		};
		4A32756829D04055009D1CC8 /* View */ = {
			isa = PBXGroup;
			children = (
				4AC34A84296AEBAD0063FA84 /* CompareView.swift */,
				4A32756229D0344C009D1CC8 /* CompareConfigurationView.swift */,
				4A32756A29D05161009D1CC8 /* LegendView.swift */,
			);
			path = View;
			sourceTree = "<group>";
		};
		4A32756929D04069009D1CC8 /* Model */ = {
			isa = PBXGroup;
			children = (
				4A32756629D04049009D1CC8 /* CompareModel.swift */,
				4A32756429D03683009D1CC8 /* CompareConfigurationModel.swift */,
			);
			path = Model;
			sourceTree = "<group>";
		};
		4A32756C29D05811009D1CC8 /* DeleteWave */ = {
			isa = PBXGroup;
			children = (
				4A32758229E029C4009D1CC8 /* View */,
				4A32758129E029B7009D1CC8 /* Model */,
			);
			path = DeleteWave;
			sourceTree = "<group>";
		};
		4A32756F29E0013B009D1CC8 /* Authentication */ = {
			isa = PBXGroup;
			children = (
				4A32757029E0014B009D1CC8 /* View */,
			);
			path = Authentication;
			sourceTree = "<group>";
		};
		4A32757029E0014B009D1CC8 /* View */ = {
			isa = PBXGroup;
			children = (
				4A4C6D022917C2F9001DB4F7 /* LoginView.swift */,
				4A4C6D052917C30D001DB4F7 /* RegisterView.swift */,
				CEECA4FC29709E0F00CA4496 /* ForgotPasswordView.swift */,
				CEECA4FE2974534700CA4496 /* ResetPasswordView.swift */,
				CEECA5002974665800CA4496 /* VerifyEmailView.swift */,
				CEECA50229748DA600CA4496 /* ClickResetPasswordLinkView.swift */,
				4A327546298EA697009D1CC8 /* PreAuthenticationView.swift */,
			);
			path = View;
			sourceTree = "<group>";
		};
		4A32757129E00173009D1CC8 /* Feed */ = {
			isa = PBXGroup;
			children = (
				4A32757329E00187009D1CC8 /* Model */,
				4A32757229E0017F009D1CC8 /* View */,
			);
			path = Feed;
			sourceTree = "<group>";
		};
		4A32757229E0017F009D1CC8 /* View */ = {
			isa = PBXGroup;
			children = (
				4A32754829AA4088009D1CC8 /* FeedItemView.swift */,
				4AC34A8D296F1E8B0063FA84 /* FeedView.swift */,
				4AC34A8B296F1E400063FA84 /* LoadingView.swift */,
				4A32754A29AFD157009D1CC8 /* WavePreviewView.swift */,
				4A32754C29AFD1B3009D1CC8 /* Wave.swift */,
			);
			path = View;
			sourceTree = "<group>";
		};
		4A32757329E00187009D1CC8 /* Model */ = {
			isa = PBXGroup;
			children = (
				4AC34A87296F1CA30063FA84 /* FeedModel.swift */,
			);
			path = Model;
			sourceTree = "<group>";
		};
		4A32757429E002D2009D1CC8 /* Model */ = {
			isa = PBXGroup;
			children = (
				CE7B525C29BE159500913C3C /* FeedItemModel.swift */,
				4A32757529E002F6009D1CC8 /* FollowingModel.swift */,
			);
			path = Model;
			sourceTree = "<group>";
		};
		4A32757729E0223D009D1CC8 /* View */ = {
			isa = PBXGroup;
			children = (
				4A15E00228C7CD5300422C05 /* UpdateWaveView.swift */,
			);
			path = View;
			sourceTree = "<group>";
		};
		4A32757829E02249009D1CC8 /* Model */ = {
			isa = PBXGroup;
			children = (
				4A32757929E02258009D1CC8 /* UpdateWaveModel.swift */,
				4A32757B29E02362009D1CC8 /* WaveUpdate.swift */,
			);
			path = Model;
			sourceTree = "<group>";
		};
		4A32757D29E026E7009D1CC8 /* Model */ = {
			isa = PBXGroup;
			children = (
				4A32757F29E026FF009D1CC8 /* NewWaveModel.swift */,
			);
			path = Model;
			sourceTree = "<group>";
		};
		4A32757E29E026EE009D1CC8 /* View */ = {
			isa = PBXGroup;
			children = (
				4A0B396D28D3935900D7EEC9 /* NewWaveView.swift */,
			);
			path = View;
			sourceTree = "<group>";
		};
		4A32758129E029B7009D1CC8 /* Model */ = {
			isa = PBXGroup;
			children = (
				4A32758329E029D7009D1CC8 /* DeleteWaveModel.swift */,
			);
			path = Model;
			sourceTree = "<group>";
		};
		4A32758229E029C4009D1CC8 /* View */ = {
			isa = PBXGroup;
			children = (
				4A32756D29D05830009D1CC8 /* DeleteWaveView.swift */,
			);
			path = View;
			sourceTree = "<group>";
		};
		4A4C6D092917CDD5001DB4F7 /* Authentication */ = {
			isa = PBXGroup;
			children = (
				4A4C6D072917CD95001DB4F7 /* AuthenticationResult.swift */,
				4AC5B3E2296ADB51003D819C /* UserData.swift */,
				4AC5B3E4296ADE0D003D819C /* TotalUserData.swift */,
			);
			path = Authentication;
			sourceTree = "<group>";
		};
		4A4C6D0A2917CDE5001DB4F7 /* SinusData */ = {
			isa = PBXGroup;
			children = (
				4AD26FEA28BBAEA40065FB01 /* SinusData.swift */,
				4AABA28428CFACC500070E6E /* SinusUpdate.swift */,
				4A0B397628E06E9600D7EEC9 /* SinusUserData.swift */,
				4A0B397828E081CF00D7EEC9 /* RelationshipStatus.swift */,
			);
			path = SinusData;
			sourceTree = "<group>";
		};
		4AC34A83296AEB9E0063FA84 /* Compare */ = {
			isa = PBXGroup;
			children = (
				4A32756929D04069009D1CC8 /* Model */,
				4A32756829D04055009D1CC8 /* View */,
			);
			path = Compare;
			sourceTree = "<group>";
		};
		4AC34A86296F1C900063FA84 /* Feed */ = {
			isa = PBXGroup;
			children = (
			);
			path = Feed;
			sourceTree = "<group>";
		};
		4AC5B3D629698752003D819C /* Profile */ = {
			isa = PBXGroup;
			children = (
				4A32756C29D05811009D1CC8 /* DeleteWave */,
				CE7B525329BD15F600913C3C /* CreatedWaves */,
				CE7B525629BD176F00913C3C /* UpdateWave */,
				CE7B525729BD17E900913C3C /* ManageProfile */,
				CE7B525529BD176400913C3C /* NewWave */,
				CE7B525429BD174400913C3C /* ProfileHeader */,
				4AC5B3D429698525003D819C /* ProfileView.swift */,
				CE95360B29BCAA3800D9B0D4 /* ProfileModel.swift */,
				CE95360D29BCB3F100D9B0D4 /* Profile.swift */,
			);
			path = Profile;
			sourceTree = "<group>";
		};
		4AC5B3DD296AD537003D819C /* Style */ = {
			isa = PBXGroup;
			children = (
				4AC5B3DE296AD546003D819C /* Style.swift */,
			);
			path = Style;
			sourceTree = "<group>";
		};
		4AD26FAD28BBA5D40065FB01 = {
			isa = PBXGroup;
			children = (
				4AD26FB828BBA5D40065FB01 /* SinuS */,
				4AD26FCA28BBA5D60065FB01 /* SinuSTests */,
				4AD26FD528BBA5D60065FB01 /* SinuSUITests */,
				4AD26FB728BBA5D40065FB01 /* Products */,
			);
			sourceTree = "<group>";
		};
		4AD26FB728BBA5D40065FB01 /* Products */ = {
			isa = PBXGroup;
			children = (
				4AD26FB628BBA5D40065FB01 /* Love waves.app */,
				4AD26FC728BBA5D60065FB01 /* SinuSTests.xctest */,
				4AD26FD228BBA5D60065FB01 /* SinuSUITests.xctest */,
			);
			name = Products;
			sourceTree = "<group>";
		};
		4AD26FB828BBA5D40065FB01 /* SinuS */ = {
			isa = PBXGroup;
			children = (
				4A32756F29E0013B009D1CC8 /* Authentication */,
				4A32751D2977215F009D1CC8 /* Common */,
				4AC34A83296AEB9E0063FA84 /* Compare */,
				4AD26FE928BBAE930065FB01 /* Data */,
				4A0B397528D60A8B00D7EEC9 /* Deprecated */,
				4A32757129E00173009D1CC8 /* Feed */,
				CEBF764D299815F700D5E3AF /* Network */,
				4AC5B3D629698752003D819C /* Profile */,
				4A32755C29C5B79A009D1CC8 /* Protocols */,
				4AC5B3DD296AD537003D819C /* Style */,
				4A32751C2977204F009D1CC8 /* Wave */,
				CEECA5042974928C00CA4496 /* SinuS.entitlements */,
				4AD26FB928BBA5D40065FB01 /* SinuSApp.swift */,
				4A32754E29B7B68C009D1CC8 /* GoogleService-Info.plist */,
				4AD26FBB28BBA5D40065FB01 /* ContentView.swift */,
				CEDADA4329D819A400340CAA /* ContentViewModel.swift */,
				CEDADA4529D81A3D00340CAA /* Content.swift */,
				4AD26FBD28BBA5D60065FB01 /* Assets.xcassets */,
				4AD26FC228BBA5D60065FB01 /* Info.plist */,
				4AD26FBF28BBA5D60065FB01 /* Preview Content */,
			);
			path = SinuS;
			sourceTree = "<group>";
		};
		4AD26FBF28BBA5D60065FB01 /* Preview Content */ = {
			isa = PBXGroup;
			children = (
				4AD26FC028BBA5D60065FB01 /* Preview Assets.xcassets */,
			);
			path = "Preview Content";
			sourceTree = "<group>";
		};
		4AD26FCA28BBA5D60065FB01 /* SinuSTests */ = {
			isa = PBXGroup;
			children = (
				4A32755D29C5B824009D1CC8 /* Feed */,
				4AD26FCB28BBA5D60065FB01 /* SinuSTests.swift */,
				4AD26FCD28BBA5D60065FB01 /* Info.plist */,
			);
			path = SinuSTests;
			sourceTree = "<group>";
		};
		4AD26FD528BBA5D60065FB01 /* SinuSUITests */ = {
			isa = PBXGroup;
			children = (
				4AD26FD628BBA5D60065FB01 /* SinuSUITests.swift */,
				4AD26FD828BBA5D60065FB01 /* Info.plist */,
			);
			path = SinuSUITests;
			sourceTree = "<group>";
		};
		4AD26FE928BBAE930065FB01 /* Data */ = {
			isa = PBXGroup;
			children = (
				4AC34A86296F1C900063FA84 /* Feed */,
				CE89A878296AF29E00300C9D /* Log */,
				4A4C6D0A2917CDE5001DB4F7 /* SinusData */,
				4A4C6D092917CDD5001DB4F7 /* Authentication */,
				4AD26FF428C7BFC10065FB01 /* DataGatherer.swift */,
				4AC5B3D2296849DD003D819C /* RestApiHelper.swift */,
				4A32755A29C5B4CE009D1CC8 /* ExternalRestRetriever.swift */,
			);
			path = Data;
			sourceTree = "<group>";
		};
		CE7B525329BD15F600913C3C /* CreatedWaves */ = {
			isa = PBXGroup;
			children = (
				4AC5B3D72969876B003D819C /* CreatedWavesView.swift */,
				CE95360F29BCB71600D9B0D4 /* CreatedWavesModel.swift */,
				4AC5B3D9296989B0003D819C /* SingleWaveView.swift */,
			);
			path = CreatedWaves;
			sourceTree = "<group>";
		};
		CE7B525429BD174400913C3C /* ProfileHeader */ = {
			isa = PBXGroup;
			children = (
				4AC5B3DB296ACF5A003D819C /* ProfileHeaderView.swift */,
			);
			path = ProfileHeader;
			sourceTree = "<group>";
		};
		CE7B525529BD176400913C3C /* NewWave */ = {
			isa = PBXGroup;
			children = (
				4A32757E29E026EE009D1CC8 /* View */,
				4A32757D29E026E7009D1CC8 /* Model */,
			);
			path = NewWave;
			sourceTree = "<group>";
		};
		CE7B525629BD176F00913C3C /* UpdateWave */ = {
			isa = PBXGroup;
			children = (
				4A32757829E02249009D1CC8 /* Model */,
				4A32757729E0223D009D1CC8 /* View */,
			);
			path = UpdateWave;
			sourceTree = "<group>";
		};
		CE7B525729BD17E900913C3C /* ManageProfile */ = {
			isa = PBXGroup;
			children = (
				4AC5B3E0296AD6A4003D819C /* EditProfileView.swift */,
				CE89A8752969F93200300C9D /* ManageProfileView.swift */,
			);
			path = ManageProfile;
			sourceTree = "<group>";
		};
		CE89A878296AF29E00300C9D /* Log */ = {
			isa = PBXGroup;
			children = (
				CE89A879296AF2D300300C9D /* LogHelper.swift */,
			);
			path = Log;
			sourceTree = "<group>";
		};
		CEBF764D299815F700D5E3AF /* Network */ = {
			isa = PBXGroup;
			children = (
				CEBF7654299818FA00D5E3AF /* NetworkManager.swift */,
			);
			path = Network;
			sourceTree = "<group>";
		};
/* End PBXGroup section */

/* Begin PBXNativeTarget section */
		4AD26FB528BBA5D40065FB01 /* SinuS */ = {
			isa = PBXNativeTarget;
			buildConfigurationList = 4AD26FDB28BBA5D60065FB01 /* Build configuration list for PBXNativeTarget "SinuS" */;
			buildPhases = (
				4AD26FB228BBA5D40065FB01 /* Sources */,
				4AD26FB328BBA5D40065FB01 /* Frameworks */,
				4AD26FB428BBA5D40065FB01 /* Resources */,
				CEA364262968493500FB8E6F /* ShellScript */,
			);
			buildRules = (
			);
			dependencies = (
			);
			name = SinuS;
			packageProductDependencies = (
				CE6A64E529696C1C00DC47E5 /* SwiftKeychainWrapper */,
				4A327539298AE46A009D1CC8 /* FirebaseAnalytics */,
				4A32753B298AE46A009D1CC8 /* FirebaseAuth */,
				4A32753D298AE46A009D1CC8 /* FirebaseDatabase */,
				4A32753F298AE46A009D1CC8 /* FirebaseMessaging */,
				4A327541298AE46A009D1CC8 /* FirebaseStorage */,
				CEB12A24299946C4000D5669 /* Kingfisher */,
				4A32755529BC8F06009D1CC8 /* Get */,
			);
			productName = SinuS;
			productReference = 4AD26FB628BBA5D40065FB01 /* Love waves.app */;
			productType = "com.apple.product-type.application";
		};
		4AD26FC628BBA5D60065FB01 /* SinuSTests */ = {
			isa = PBXNativeTarget;
			buildConfigurationList = 4AD26FDE28BBA5D60065FB01 /* Build configuration list for PBXNativeTarget "SinuSTests" */;
			buildPhases = (
				4AD26FC328BBA5D60065FB01 /* Sources */,
				4AD26FC428BBA5D60065FB01 /* Frameworks */,
				4AD26FC528BBA5D60065FB01 /* Resources */,
			);
			buildRules = (
			);
			dependencies = (
				4AD26FC928BBA5D60065FB01 /* PBXTargetDependency */,
			);
			name = SinuSTests;
			productName = SinuSTests;
			productReference = 4AD26FC728BBA5D60065FB01 /* SinuSTests.xctest */;
			productType = "com.apple.product-type.bundle.unit-test";
		};
		4AD26FD128BBA5D60065FB01 /* SinuSUITests */ = {
			isa = PBXNativeTarget;
			buildConfigurationList = 4AD26FE128BBA5D60065FB01 /* Build configuration list for PBXNativeTarget "SinuSUITests" */;
			buildPhases = (
				4AD26FCE28BBA5D60065FB01 /* Sources */,
				4AD26FCF28BBA5D60065FB01 /* Frameworks */,
				4AD26FD028BBA5D60065FB01 /* Resources */,
			);
			buildRules = (
			);
			dependencies = (
				4AD26FD428BBA5D60065FB01 /* PBXTargetDependency */,
			);
			name = SinuSUITests;
			productName = SinuSUITests;
			productReference = 4AD26FD228BBA5D60065FB01 /* SinuSUITests.xctest */;
			productType = "com.apple.product-type.bundle.ui-testing";
		};
/* End PBXNativeTarget section */

/* Begin PBXProject section */
		4AD26FAE28BBA5D40065FB01 /* Project object */ = {
			isa = PBXProject;
			attributes = {
				LastSwiftUpdateCheck = 1250;
				LastUpgradeCheck = 1250;
				TargetAttributes = {
					4AD26FB528BBA5D40065FB01 = {
						CreatedOnToolsVersion = 12.5;
					};
					4AD26FC628BBA5D60065FB01 = {
						CreatedOnToolsVersion = 12.5;
						TestTargetID = 4AD26FB528BBA5D40065FB01;
					};
					4AD26FD128BBA5D60065FB01 = {
						CreatedOnToolsVersion = 12.5;
						TestTargetID = 4AD26FB528BBA5D40065FB01;
					};
				};
			};
			buildConfigurationList = 4AD26FB128BBA5D40065FB01 /* Build configuration list for PBXProject "SinuS" */;
			compatibilityVersion = "Xcode 9.3";
			developmentRegion = en;
			hasScannedForEncodings = 0;
			knownRegions = (
				en,
				Base,
			);
			mainGroup = 4AD26FAD28BBA5D40065FB01;
			packageReferences = (
				CE6A64E429696C1C00DC47E5 /* XCRemoteSwiftPackageReference "SwiftKeychainWrapper" */,
				4A327538298AE46A009D1CC8 /* XCRemoteSwiftPackageReference "firebase-ios-sdk" */,
				CEB12A23299946C4000D5669 /* XCRemoteSwiftPackageReference "Kingfisher" */,
				4A32755429BC8F06009D1CC8 /* XCRemoteSwiftPackageReference "Get" */,
			);
			productRefGroup = 4AD26FB728BBA5D40065FB01 /* Products */;
			projectDirPath = "";
			projectRoot = "";
			targets = (
				4AD26FB528BBA5D40065FB01 /* SinuS */,
				4AD26FC628BBA5D60065FB01 /* SinuSTests */,
				4AD26FD128BBA5D60065FB01 /* SinuSUITests */,
			);
		};
/* End PBXProject section */

/* Begin PBXResourcesBuildPhase section */
		4AD26FB428BBA5D40065FB01 /* Resources */ = {
			isa = PBXResourcesBuildPhase;
			buildActionMask = 2147483647;
			files = (
				4AD26FC128BBA5D60065FB01 /* Preview Assets.xcassets in Resources */,
				4AD26FBE28BBA5D60065FB01 /* Assets.xcassets in Resources */,
				4A32754F29B7B68C009D1CC8 /* GoogleService-Info.plist in Resources */,
			);
			runOnlyForDeploymentPostprocessing = 0;
		};
		4AD26FC528BBA5D60065FB01 /* Resources */ = {
			isa = PBXResourcesBuildPhase;
			buildActionMask = 2147483647;
			files = (
			);
			runOnlyForDeploymentPostprocessing = 0;
		};
		4AD26FD028BBA5D60065FB01 /* Resources */ = {
			isa = PBXResourcesBuildPhase;
			buildActionMask = 2147483647;
			files = (
			);
			runOnlyForDeploymentPostprocessing = 0;
		};
/* End PBXResourcesBuildPhase section */

/* Begin PBXShellScriptBuildPhase section */
		CEA364262968493500FB8E6F /* ShellScript */ = {
			isa = PBXShellScriptBuildPhase;
			alwaysOutOfDate = 1;
			buildActionMask = 2147483647;
			files = (
			);
			inputFileListPaths = (
			);
			inputPaths = (
			);
			outputFileListPaths = (
			);
			outputPaths = (
			);
			runOnlyForDeploymentPostprocessing = 0;
			shellPath = /bin/sh;
			shellScript = "
";
		};
/* End PBXShellScriptBuildPhase section */

/* Begin PBXSourcesBuildPhase section */
		4AD26FB228BBA5D40065FB01 /* Sources */ = {
			isa = PBXSourcesBuildPhase;
			buildActionMask = 2147483647;
			files = (
				4A32758429E029D7009D1CC8 /* DeleteWaveModel.swift in Sources */,
				CEECA5012974665800CA4496 /* VerifyEmailView.swift in Sources */,
				4A32757C29E02362009D1CC8 /* WaveUpdate.swift in Sources */,
				4A32756729D04049009D1CC8 /* CompareModel.swift in Sources */,
				4A32756E29D05830009D1CC8 /* DeleteWaveView.swift in Sources */,
				CEECA4FF2974534700CA4496 /* ResetPasswordView.swift in Sources */,
				4A32752B29773236009D1CC8 /* CompareButtonView.swift in Sources */,
				4AC5B3E5296ADE0D003D819C /* TotalUserData.swift in Sources */,
				4AD26FEB28BBAEA40065FB01 /* SinusData.swift in Sources */,
				4A32752329772888009D1CC8 /* TextView.swift in Sources */,
				4AC5B3E1296AD6A4003D819C /* EditProfileView.swift in Sources */,
				4AABA28528CFACC500070E6E /* SinusUpdate.swift in Sources */,
				4AC34A85296AEBAD0063FA84 /* CompareView.swift in Sources */,
				4AC34A88296F1CA30063FA84 /* FeedModel.swift in Sources */,
				4A32758029E026FF009D1CC8 /* NewWaveModel.swift in Sources */,
				4A15E00328C7CD5300422C05 /* UpdateWaveView.swift in Sources */,
				4AC5B3D82969876B003D819C /* CreatedWavesView.swift in Sources */,
				4A32754D29AFD1B3009D1CC8 /* Wave.swift in Sources */,
				4AC34A8E296F1E8B0063FA84 /* FeedView.swift in Sources */,
				4A32756329D0344C009D1CC8 /* CompareConfigurationView.swift in Sources */,
				4AC34A8C296F1E400063FA84 /* LoadingView.swift in Sources */,
				4AD26FF528C7BFC10065FB01 /* DataGatherer.swift in Sources */,
				4A32752129772762009D1CC8 /* StatisticsView.swift in Sources */,
				4AC5B3DC296ACF5A003D819C /* ProfileHeaderView.swift in Sources */,
				CE89A8762969F93200300C9D /* ManageProfileView.swift in Sources */,
				4A32756B29D05161009D1CC8 /* LegendView.swift in Sources */,
				4A32755B29C5B4CE009D1CC8 /* ExternalRestRetriever.swift in Sources */,
				4A32755929C5B3BA009D1CC8 /* RestRetrievable.swift in Sources */,
				4A32756529D03683009D1CC8 /* CompareConfigurationModel.swift in Sources */,
				CE95361029BCB71600D9B0D4 /* CreatedWavesModel.swift in Sources */,
				4A15E00128C7C91C00422C05 /* ProfileButton.swift in Sources */,
				4A0B397728E06E9600D7EEC9 /* SinusUserData.swift in Sources */,
				4AD26FBC28BBA5D40065FB01 /* ContentView.swift in Sources */,
				4A32756129C5BFDD009D1CC8 /* NoDataView.swift in Sources */,
				CEBF7655299818FA00D5E3AF /* NetworkManager.swift in Sources */,
				4A0B397428D6044300D7EEC9 /* WaveView.swift in Sources */,
				CEECA4FD29709E0F00CA4496 /* ForgotPasswordView.swift in Sources */,
				4A0B397428D6044300D7EEC9 /* WaveView.swift in Sources */,
				4A32755129B7BA1E009D1CC8 /* HistoryView.swift in Sources */,
				CE95360C29BCAA3800D9B0D4 /* ProfileModel.swift in Sources */,
				CE7B525D29BE159500913C3C /* FeedItemModel.swift in Sources */,
				4A32755329B7BD91009D1CC8 /* HistoryItemView.swift in Sources */,
				4AC5B3D529698525003D819C /* ProfileView.swift in Sources */,
				4A0B396A28D38DE000D7EEC9 /* MenuView.swift in Sources */,
				4A4C6D062917C30D001DB4F7 /* RegisterView.swift in Sources */,
				4A0B397028D3937100D7EEC9 /* AdminView.swift in Sources */,
				4A327527297729BE009D1CC8 /* HeaderView.swift in Sources */,
				4A32757A29E02258009D1CC8 /* UpdateWaveModel.swift in Sources */,
				4A32751F2977244E009D1CC8 /* ChartView.swift in Sources */,
				CE89A87A296AF2D300300C9D /* LogHelper.swift in Sources */,
				4AC5B3DA296989B0003D819C /* SingleWaveView.swift in Sources */,
				4A0B396C28D38F0700D7EEC9 /* MenuButton.swift in Sources */,
				4A32754B29AFD157009D1CC8 /* WavePreviewView.swift in Sources */,
				4AC5B3DF296AD546003D819C /* Style.swift in Sources */,
				4A0B397228D3ABF200D7EEC9 /* SmallFrame.swift in Sources */,
				4A0B397928E081CF00D7EEC9 /* RelationshipStatus.swift in Sources */,
				4A4C6D082917CD95001DB4F7 /* AuthenticationResult.swift in Sources */,
				4A4C6D032917C2F9001DB4F7 /* LoginView.swift in Sources */,
				CEDADA4629D81A3D00340CAA /* Content.swift in Sources */,
				4A32754929AA4088009D1CC8 /* FeedItemView.swift in Sources */,
				4A0B397B28E0846900D7EEC9 /* RelationStatusView.swift in Sources */,
				4A327547298EA697009D1CC8 /* PreAuthenticationView.swift in Sources */,
				4AC5B3E3296ADB51003D819C /* UserData.swift in Sources */,
				4AD26FBA28BBA5D40065FB01 /* SinuSApp.swift in Sources */,
				4A32757629E002F6009D1CC8 /* FollowingModel.swift in Sources */,
				4AC5B3D3296849DD003D819C /* RestApiHelper.swift in Sources */,
				CEECA50329748DA600CA4496 /* ClickResetPasswordLinkView.swift in Sources */,
				CEDADA4429D819A400340CAA /* ContentViewModel.swift in Sources */,
				4AD26FED28C676C10065FB01 /* LineChart.swift in Sources */,
				4A0B396E28D3935900D7EEC9 /* NewWaveView.swift in Sources */,
				CE95360E29BCB3F100D9B0D4 /* Profile.swift in Sources */,
			);
			runOnlyForDeploymentPostprocessing = 0;
		};
		4AD26FC328BBA5D60065FB01 /* Sources */ = {
			isa = PBXSourcesBuildPhase;
			buildActionMask = 2147483647;
			files = (
				4A32755F29C5B83E009D1CC8 /* FeedItemModelTests.swift in Sources */,
				4AD26FCC28BBA5D60065FB01 /* SinuSTests.swift in Sources */,
			);
			runOnlyForDeploymentPostprocessing = 0;
		};
		4AD26FCE28BBA5D60065FB01 /* Sources */ = {
			isa = PBXSourcesBuildPhase;
			buildActionMask = 2147483647;
			files = (
				4AD26FD728BBA5D60065FB01 /* SinuSUITests.swift in Sources */,
			);
			runOnlyForDeploymentPostprocessing = 0;
		};
/* End PBXSourcesBuildPhase section */

/* Begin PBXTargetDependency section */
		4AD26FC928BBA5D60065FB01 /* PBXTargetDependency */ = {
			isa = PBXTargetDependency;
			target = 4AD26FB528BBA5D40065FB01 /* SinuS */;
			targetProxy = 4AD26FC828BBA5D60065FB01 /* PBXContainerItemProxy */;
		};
		4AD26FD428BBA5D60065FB01 /* PBXTargetDependency */ = {
			isa = PBXTargetDependency;
			target = 4AD26FB528BBA5D40065FB01 /* SinuS */;
			targetProxy = 4AD26FD328BBA5D60065FB01 /* PBXContainerItemProxy */;
		};
/* End PBXTargetDependency section */

/* Begin XCBuildConfiguration section */
		4AD26FD928BBA5D60065FB01 /* Debug */ = {
			isa = XCBuildConfiguration;
			buildSettings = {
				ALWAYS_SEARCH_USER_PATHS = NO;
				CLANG_ANALYZER_NONNULL = YES;
				CLANG_ANALYZER_NUMBER_OBJECT_CONVERSION = YES_AGGRESSIVE;
				CLANG_CXX_LANGUAGE_STANDARD = "gnu++14";
				CLANG_CXX_LIBRARY = "libc++";
				CLANG_ENABLE_MODULES = YES;
				CLANG_ENABLE_OBJC_ARC = YES;
				CLANG_ENABLE_OBJC_WEAK = YES;
				CLANG_WARN_BLOCK_CAPTURE_AUTORELEASING = YES;
				CLANG_WARN_BOOL_CONVERSION = YES;
				CLANG_WARN_COMMA = YES;
				CLANG_WARN_CONSTANT_CONVERSION = YES;
				CLANG_WARN_DEPRECATED_OBJC_IMPLEMENTATIONS = YES;
				CLANG_WARN_DIRECT_OBJC_ISA_USAGE = YES_ERROR;
				CLANG_WARN_DOCUMENTATION_COMMENTS = YES;
				CLANG_WARN_EMPTY_BODY = YES;
				CLANG_WARN_ENUM_CONVERSION = YES;
				CLANG_WARN_INFINITE_RECURSION = YES;
				CLANG_WARN_INT_CONVERSION = YES;
				CLANG_WARN_NON_LITERAL_NULL_CONVERSION = YES;
				CLANG_WARN_OBJC_IMPLICIT_RETAIN_SELF = YES;
				CLANG_WARN_OBJC_LITERAL_CONVERSION = YES;
				CLANG_WARN_OBJC_ROOT_CLASS = YES_ERROR;
				CLANG_WARN_QUOTED_INCLUDE_IN_FRAMEWORK_HEADER = YES;
				CLANG_WARN_RANGE_LOOP_ANALYSIS = YES;
				CLANG_WARN_STRICT_PROTOTYPES = YES;
				CLANG_WARN_SUSPICIOUS_MOVE = YES;
				CLANG_WARN_UNGUARDED_AVAILABILITY = YES_AGGRESSIVE;
				CLANG_WARN_UNREACHABLE_CODE = YES;
				CLANG_WARN__DUPLICATE_METHOD_MATCH = YES;
				COPY_PHASE_STRIP = NO;
				DEBUG_INFORMATION_FORMAT = dwarf;
				ENABLE_STRICT_OBJC_MSGSEND = YES;
				ENABLE_TESTABILITY = YES;
				GCC_C_LANGUAGE_STANDARD = gnu11;
				GCC_DYNAMIC_NO_PIC = NO;
				GCC_NO_COMMON_BLOCKS = YES;
				GCC_OPTIMIZATION_LEVEL = 0;
				GCC_PREPROCESSOR_DEFINITIONS = (
					"DEBUG=1",
					"$(inherited)",
				);
				GCC_WARN_64_TO_32_BIT_CONVERSION = YES;
				GCC_WARN_ABOUT_RETURN_TYPE = YES_ERROR;
				GCC_WARN_UNDECLARED_SELECTOR = YES;
				GCC_WARN_UNINITIALIZED_AUTOS = YES_AGGRESSIVE;
				GCC_WARN_UNUSED_FUNCTION = YES;
				GCC_WARN_UNUSED_VARIABLE = YES;
				IPHONEOS_DEPLOYMENT_TARGET = 16.0;
				MTL_ENABLE_DEBUG_INFO = INCLUDE_SOURCE;
				MTL_FAST_MATH = YES;
				ONLY_ACTIVE_ARCH = YES;
				SDKROOT = iphoneos;
				SWIFT_ACTIVE_COMPILATION_CONDITIONS = DEBUG;
				SWIFT_OPTIMIZATION_LEVEL = "-Onone";
			};
			name = Debug;
		};
		4AD26FDA28BBA5D60065FB01 /* Release */ = {
			isa = XCBuildConfiguration;
			buildSettings = {
				ALWAYS_SEARCH_USER_PATHS = NO;
				CLANG_ANALYZER_NONNULL = YES;
				CLANG_ANALYZER_NUMBER_OBJECT_CONVERSION = YES_AGGRESSIVE;
				CLANG_CXX_LANGUAGE_STANDARD = "gnu++14";
				CLANG_CXX_LIBRARY = "libc++";
				CLANG_ENABLE_MODULES = YES;
				CLANG_ENABLE_OBJC_ARC = YES;
				CLANG_ENABLE_OBJC_WEAK = YES;
				CLANG_WARN_BLOCK_CAPTURE_AUTORELEASING = YES;
				CLANG_WARN_BOOL_CONVERSION = YES;
				CLANG_WARN_COMMA = YES;
				CLANG_WARN_CONSTANT_CONVERSION = YES;
				CLANG_WARN_DEPRECATED_OBJC_IMPLEMENTATIONS = YES;
				CLANG_WARN_DIRECT_OBJC_ISA_USAGE = YES_ERROR;
				CLANG_WARN_DOCUMENTATION_COMMENTS = YES;
				CLANG_WARN_EMPTY_BODY = YES;
				CLANG_WARN_ENUM_CONVERSION = YES;
				CLANG_WARN_INFINITE_RECURSION = YES;
				CLANG_WARN_INT_CONVERSION = YES;
				CLANG_WARN_NON_LITERAL_NULL_CONVERSION = YES;
				CLANG_WARN_OBJC_IMPLICIT_RETAIN_SELF = YES;
				CLANG_WARN_OBJC_LITERAL_CONVERSION = YES;
				CLANG_WARN_OBJC_ROOT_CLASS = YES_ERROR;
				CLANG_WARN_QUOTED_INCLUDE_IN_FRAMEWORK_HEADER = YES;
				CLANG_WARN_RANGE_LOOP_ANALYSIS = YES;
				CLANG_WARN_STRICT_PROTOTYPES = YES;
				CLANG_WARN_SUSPICIOUS_MOVE = YES;
				CLANG_WARN_UNGUARDED_AVAILABILITY = YES_AGGRESSIVE;
				CLANG_WARN_UNREACHABLE_CODE = YES;
				CLANG_WARN__DUPLICATE_METHOD_MATCH = YES;
				COPY_PHASE_STRIP = NO;
				DEBUG_INFORMATION_FORMAT = "dwarf-with-dsym";
				ENABLE_NS_ASSERTIONS = NO;
				ENABLE_STRICT_OBJC_MSGSEND = YES;
				GCC_C_LANGUAGE_STANDARD = gnu11;
				GCC_NO_COMMON_BLOCKS = YES;
				GCC_WARN_64_TO_32_BIT_CONVERSION = YES;
				GCC_WARN_ABOUT_RETURN_TYPE = YES_ERROR;
				GCC_WARN_UNDECLARED_SELECTOR = YES;
				GCC_WARN_UNINITIALIZED_AUTOS = YES_AGGRESSIVE;
				GCC_WARN_UNUSED_FUNCTION = YES;
				GCC_WARN_UNUSED_VARIABLE = YES;
				IPHONEOS_DEPLOYMENT_TARGET = 16.0;
				MTL_ENABLE_DEBUG_INFO = NO;
				MTL_FAST_MATH = YES;
				SDKROOT = iphoneos;
				SWIFT_COMPILATION_MODE = wholemodule;
				SWIFT_OPTIMIZATION_LEVEL = "-O";
				VALIDATE_PRODUCT = YES;
			};
			name = Release;
		};
		4AD26FDC28BBA5D60065FB01 /* Debug */ = {
			isa = XCBuildConfiguration;
			buildSettings = {
				ASSETCATALOG_COMPILER_APPICON_NAME = AppIcon;
				ASSETCATALOG_COMPILER_GLOBAL_ACCENT_COLOR_NAME = AccentColor;
				CODE_SIGN_ENTITLEMENTS = SinuS/SinuS.entitlements;
				CODE_SIGN_IDENTITY = "Apple Development";
				CODE_SIGN_STYLE = Automatic;
				DEVELOPMENT_ASSET_PATHS = "\"SinuS/Preview Content\"";
				DEVELOPMENT_TEAM = 479GB76B7L;
				ENABLE_PREVIEWS = YES;
				INFOPLIST_FILE = SinuS/Info.plist;
				IPHONEOS_DEPLOYMENT_TARGET = 16.0;
				LD_RUNPATH_SEARCH_PATHS = (
					"$(inherited)",
					"@executable_path/Frameworks",
				);
				PRODUCT_BUNDLE_IDENTIFIER = com.antrum.lovewaves;
				PRODUCT_NAME = "Love waves";
				PROVISIONING_PROFILE_SPECIFIER = "";
				SWIFT_VERSION = 5.0;
				TARGETED_DEVICE_FAMILY = "1,2";
			};
			name = Debug;
		};
		4AD26FDD28BBA5D60065FB01 /* Release */ = {
			isa = XCBuildConfiguration;
			buildSettings = {
				ASSETCATALOG_COMPILER_APPICON_NAME = AppIcon;
				ASSETCATALOG_COMPILER_GLOBAL_ACCENT_COLOR_NAME = AccentColor;
				CODE_SIGN_ENTITLEMENTS = SinuS/SinuS.entitlements;
				CODE_SIGN_IDENTITY = "Apple Development";
				CODE_SIGN_STYLE = Automatic;
				DEVELOPMENT_ASSET_PATHS = "\"SinuS/Preview Content\"";
				DEVELOPMENT_TEAM = 479GB76B7L;
				ENABLE_PREVIEWS = YES;
				INFOPLIST_FILE = SinuS/Info.plist;
				IPHONEOS_DEPLOYMENT_TARGET = 16.0;
				LD_RUNPATH_SEARCH_PATHS = (
					"$(inherited)",
					"@executable_path/Frameworks",
				);
				PRODUCT_BUNDLE_IDENTIFIER = com.antrum.lovewaves;
				PRODUCT_NAME = "Love waves";
				PROVISIONING_PROFILE_SPECIFIER = "";
				SWIFT_VERSION = 5.0;
				TARGETED_DEVICE_FAMILY = "1,2";
			};
			name = Release;
		};
		4AD26FDF28BBA5D60065FB01 /* Debug */ = {
			isa = XCBuildConfiguration;
			buildSettings = {
				ALWAYS_EMBED_SWIFT_STANDARD_LIBRARIES = YES;
				BUNDLE_LOADER = "$(TEST_HOST)";
				CODE_SIGN_STYLE = Automatic;
				DEVELOPMENT_TEAM = 479GB76B7L;
				INFOPLIST_FILE = SinuSTests/Info.plist;
				IPHONEOS_DEPLOYMENT_TARGET = 16.0;
				LD_RUNPATH_SEARCH_PATHS = (
					"$(inherited)",
					"@executable_path/Frameworks",
					"@loader_path/Frameworks",
				);
				PRODUCT_BUNDLE_IDENTIFIER = LoeHen.SinuSTests;
				PRODUCT_NAME = "$(TARGET_NAME)";
				SWIFT_VERSION = 5.0;
				TARGETED_DEVICE_FAMILY = "1,2";
				TEST_HOST = "$(BUILT_PRODUCTS_DIR)/SinuS.app/SinuS";
			};
			name = Debug;
		};
		4AD26FE028BBA5D60065FB01 /* Release */ = {
			isa = XCBuildConfiguration;
			buildSettings = {
				ALWAYS_EMBED_SWIFT_STANDARD_LIBRARIES = YES;
				BUNDLE_LOADER = "$(TEST_HOST)";
				CODE_SIGN_STYLE = Automatic;
				DEVELOPMENT_TEAM = 479GB76B7L;
				INFOPLIST_FILE = SinuSTests/Info.plist;
				IPHONEOS_DEPLOYMENT_TARGET = 16.0;
				LD_RUNPATH_SEARCH_PATHS = (
					"$(inherited)",
					"@executable_path/Frameworks",
					"@loader_path/Frameworks",
				);
				PRODUCT_BUNDLE_IDENTIFIER = LoeHen.SinuSTests;
				PRODUCT_NAME = "$(TARGET_NAME)";
				SWIFT_VERSION = 5.0;
				TARGETED_DEVICE_FAMILY = "1,2";
				TEST_HOST = "$(BUILT_PRODUCTS_DIR)/SinuS.app/SinuS";
			};
			name = Release;
		};
		4AD26FE228BBA5D60065FB01 /* Debug */ = {
			isa = XCBuildConfiguration;
			buildSettings = {
				ALWAYS_EMBED_SWIFT_STANDARD_LIBRARIES = YES;
				CODE_SIGN_STYLE = Automatic;
				DEVELOPMENT_TEAM = 479GB76B7L;
				INFOPLIST_FILE = SinuSUITests/Info.plist;
				IPHONEOS_DEPLOYMENT_TARGET = 16.0;
				LD_RUNPATH_SEARCH_PATHS = (
					"$(inherited)",
					"@executable_path/Frameworks",
					"@loader_path/Frameworks",
				);
				PRODUCT_BUNDLE_IDENTIFIER = LoeHen.SinuSUITests;
				PRODUCT_NAME = "$(TARGET_NAME)";
				SWIFT_VERSION = 5.0;
				TARGETED_DEVICE_FAMILY = "1,2";
				TEST_TARGET_NAME = SinuS;
			};
			name = Debug;
		};
		4AD26FE328BBA5D60065FB01 /* Release */ = {
			isa = XCBuildConfiguration;
			buildSettings = {
				ALWAYS_EMBED_SWIFT_STANDARD_LIBRARIES = YES;
				CODE_SIGN_STYLE = Automatic;
				DEVELOPMENT_TEAM = 479GB76B7L;
				INFOPLIST_FILE = SinuSUITests/Info.plist;
				IPHONEOS_DEPLOYMENT_TARGET = 16.0;
				LD_RUNPATH_SEARCH_PATHS = (
					"$(inherited)",
					"@executable_path/Frameworks",
					"@loader_path/Frameworks",
				);
				PRODUCT_BUNDLE_IDENTIFIER = LoeHen.SinuSUITests;
				PRODUCT_NAME = "$(TARGET_NAME)";
				SWIFT_VERSION = 5.0;
				TARGETED_DEVICE_FAMILY = "1,2";
				TEST_TARGET_NAME = SinuS;
			};
			name = Release;
		};
/* End XCBuildConfiguration section */

/* Begin XCConfigurationList section */
		4AD26FB128BBA5D40065FB01 /* Build configuration list for PBXProject "SinuS" */ = {
			isa = XCConfigurationList;
			buildConfigurations = (
				4AD26FD928BBA5D60065FB01 /* Debug */,
				4AD26FDA28BBA5D60065FB01 /* Release */,
			);
			defaultConfigurationIsVisible = 0;
			defaultConfigurationName = Release;
		};
		4AD26FDB28BBA5D60065FB01 /* Build configuration list for PBXNativeTarget "SinuS" */ = {
			isa = XCConfigurationList;
			buildConfigurations = (
				4AD26FDC28BBA5D60065FB01 /* Debug */,
				4AD26FDD28BBA5D60065FB01 /* Release */,
			);
			defaultConfigurationIsVisible = 0;
			defaultConfigurationName = Release;
		};
		4AD26FDE28BBA5D60065FB01 /* Build configuration list for PBXNativeTarget "SinuSTests" */ = {
			isa = XCConfigurationList;
			buildConfigurations = (
				4AD26FDF28BBA5D60065FB01 /* Debug */,
				4AD26FE028BBA5D60065FB01 /* Release */,
			);
			defaultConfigurationIsVisible = 0;
			defaultConfigurationName = Release;
		};
		4AD26FE128BBA5D60065FB01 /* Build configuration list for PBXNativeTarget "SinuSUITests" */ = {
			isa = XCConfigurationList;
			buildConfigurations = (
				4AD26FE228BBA5D60065FB01 /* Debug */,
				4AD26FE328BBA5D60065FB01 /* Release */,
			);
			defaultConfigurationIsVisible = 0;
			defaultConfigurationName = Release;
		};
/* End XCConfigurationList section */

/* Begin XCRemoteSwiftPackageReference section */
		4A327538298AE46A009D1CC8 /* XCRemoteSwiftPackageReference "firebase-ios-sdk" */ = {
			isa = XCRemoteSwiftPackageReference;
			repositoryURL = "https://github.com/firebase/firebase-ios-sdk";
			requirement = {
				branch = master;
				kind = branch;
			};
		};
		4A32755429BC8F06009D1CC8 /* XCRemoteSwiftPackageReference "Get" */ = {
			isa = XCRemoteSwiftPackageReference;
			repositoryURL = "https://github.com/kean/Get";
			requirement = {
				kind = upToNextMajorVersion;
				minimumVersion = 2.0.0;
			};
		};
		CE6A64E429696C1C00DC47E5 /* XCRemoteSwiftPackageReference "SwiftKeychainWrapper" */ = {
			isa = XCRemoteSwiftPackageReference;
			repositoryURL = "https://github.com/jrendel/SwiftKeychainWrapper";
			requirement = {
				kind = upToNextMajorVersion;
				minimumVersion = 4.0.0;
			};
		};
		CEB12A23299946C4000D5669 /* XCRemoteSwiftPackageReference "Kingfisher" */ = {
			isa = XCRemoteSwiftPackageReference;
			repositoryURL = "https://github.com/onevcat/Kingfisher";
			requirement = {
				kind = upToNextMajorVersion;
				minimumVersion = 7.0.0;
			};
		};
/* End XCRemoteSwiftPackageReference section */

/* Begin XCSwiftPackageProductDependency section */
		4A327539298AE46A009D1CC8 /* FirebaseAnalytics */ = {
			isa = XCSwiftPackageProductDependency;
			package = 4A327538298AE46A009D1CC8 /* XCRemoteSwiftPackageReference "firebase-ios-sdk" */;
			productName = FirebaseAnalytics;
		};
		4A32753B298AE46A009D1CC8 /* FirebaseAuth */ = {
			isa = XCSwiftPackageProductDependency;
			package = 4A327538298AE46A009D1CC8 /* XCRemoteSwiftPackageReference "firebase-ios-sdk" */;
			productName = FirebaseAuth;
		};
		4A32753D298AE46A009D1CC8 /* FirebaseDatabase */ = {
			isa = XCSwiftPackageProductDependency;
			package = 4A327538298AE46A009D1CC8 /* XCRemoteSwiftPackageReference "firebase-ios-sdk" */;
			productName = FirebaseDatabase;
		};
		4A32753F298AE46A009D1CC8 /* FirebaseMessaging */ = {
			isa = XCSwiftPackageProductDependency;
			package = 4A327538298AE46A009D1CC8 /* XCRemoteSwiftPackageReference "firebase-ios-sdk" */;
			productName = FirebaseMessaging;
		};
		4A327541298AE46A009D1CC8 /* FirebaseStorage */ = {
			isa = XCSwiftPackageProductDependency;
			package = 4A327538298AE46A009D1CC8 /* XCRemoteSwiftPackageReference "firebase-ios-sdk" */;
			productName = FirebaseStorage;
		};
		4A32755529BC8F06009D1CC8 /* Get */ = {
			isa = XCSwiftPackageProductDependency;
			package = 4A32755429BC8F06009D1CC8 /* XCRemoteSwiftPackageReference "Get" */;
			productName = Get;
		};
		CE6A64E529696C1C00DC47E5 /* SwiftKeychainWrapper */ = {
			isa = XCSwiftPackageProductDependency;
			package = CE6A64E429696C1C00DC47E5 /* XCRemoteSwiftPackageReference "SwiftKeychainWrapper" */;
			productName = SwiftKeychainWrapper;
		};
		CEB12A24299946C4000D5669 /* Kingfisher */ = {
			isa = XCSwiftPackageProductDependency;
			package = CEB12A23299946C4000D5669 /* XCRemoteSwiftPackageReference "Kingfisher" */;
			productName = Kingfisher;
		};
/* End XCSwiftPackageProductDependency section */
	};
	rootObject = 4AD26FAE28BBA5D40065FB01 /* Project object */;
}
